
Microsoft Visual Studio Solution File, Format Version 12.00
# Visual Studio 15
VisualStudioVersion = 15.0.26730.12
MinimumVisualStudioVersion = 10.0.40219.1
Project("{FAE04EC0-301F-11D3-BF4B-00C04F79EFBC}") = "GuessTheNumber", "GuessTheNumber\GuessTheNumber.csproj", "{5CEAC24B-DDD0-4A01-80B1-9DB85BB8E046}"
EndProject
Global
	GlobalSection(SolutionConfigurationPlatforms) = preSolution
		Debug|Any CPU = Debug|Any CPU
		Release|Any CPU = Release|Any CPU
	EndGlobalSection
	GlobalSection(ProjectConfigurationPlatforms) = postSolution
		{5CEAC24B-DDD0-4A01-80B1-9DB85BB8E046}.Debug|Any CPU.ActiveCfg = Debug|Any CPU
		{5CEAC24B-DDD0-4A01-80B1-9DB85BB8E046}.Debug|Any CPU.Build.0 = Debug|Any CPU
		{5CEAC24B-DDD0-4A01-80B1-9DB85BB8E046}.Release|Any CPU.ActiveCfg = Release|Any CPU
		{5CEAC24B-DDD0-4A01-80B1-9DB85BB8E046}.Release|Any CPU.Build.0 = Release|Any CPU
	EndGlobalSection
	GlobalSection(SolutionProperties) = preSolution
		HideSolutionNode = FALSE
	EndGlobalSection
	GlobalSection(ExtensibilityGlobals) = postSolution
		SolutionGuid = {21E2FD2F-4ECE-4647-898F-48B343F11D57}
	EndGlobalSection
EndGlobal
