
Microsoft Visual Studio Solution File, Format Version 12.00
# Visual Studio 15
VisualStudioVersion = 15.0.26730.12
MinimumVisualStudioVersion = 10.0.40219.1
Project("{FAE04EC0-301F-11D3-BF4B-00C04F79EFBC}") = "Square", "Square\Square.csproj", "{869AA456-D965-4C1F-8E9B-70E07403DCAA}"
EndProject
Global
	GlobalSection(SolutionConfigurationPlatforms) = preSolution
		Debug|Any CPU = Debug|Any CPU
		Release|Any CPU = Release|Any CPU
	EndGlobalSection
	GlobalSection(ProjectConfigurationPlatforms) = postSolution
		{869AA456-D965-4C1F-8E9B-70E07403DCAA}.Debug|Any CPU.ActiveCfg = Debug|Any CPU
		{869AA456-D965-4C1F-8E9B-70E07403DCAA}.Debug|Any CPU.Build.0 = Debug|Any CPU
		{869AA456-D965-4C1F-8E9B-70E07403DCAA}.Release|Any CPU.ActiveCfg = Release|Any CPU
		{869AA456-D965-4C1F-8E9B-70E07403DCAA}.Release|Any CPU.Build.0 = Release|Any CPU
	EndGlobalSection
	GlobalSection(SolutionProperties) = preSolution
		HideSolutionNode = FALSE
	EndGlobalSection
	GlobalSection(ExtensibilityGlobals) = postSolution
		SolutionGuid = {DCF54F21-765C-4024-B7A2-C6B346E34AFA}
	EndGlobalSection
EndGlobal
